
Microsoft Visual Studio Solution File, Format Version 12.00
# Visual Studio Version 16
VisualStudioVersion = 16.0.30804.86
MinimumVisualStudioVersion = 10.0.40219.1
Project("{FAE04EC0-301F-11D3-BF4B-00C04F79EFBC}") = "WindowsFormsApp", "WindowsFormsApp\WindowsFormsApp.csproj", "{F52A22F7-8BB3-492D-A6E1-E2539F3BDD78}"
EndProject
Project("{FAE04EC0-301F-11D3-BF4B-00C04F79EFBC}") = "WpfApp", "WpfApp\WpfApp.csproj", "{8FF7A344-68D2-4C92-BB19-601012839554}"
EndProject
Global
	GlobalSection(SolutionConfigurationPlatforms) = preSolution
		Debug|Any CPU = Debug|Any CPU
		Release|Any CPU = Release|Any CPU
	EndGlobalSection
	GlobalSection(ProjectConfigurationPlatforms) = postSolution
		{F52A22F7-8BB3-492D-A6E1-E2539F3BDD78}.Debug|Any CPU.ActiveCfg = Debug|Any CPU
		{F52A22F7-8BB3-492D-A6E1-E2539F3BDD78}.Debug|Any CPU.Build.0 = Debug|Any CPU
		{F52A22F7-8BB3-492D-A6E1-E2539F3BDD78}.Release|Any CPU.ActiveCfg = Release|Any CPU
		{F52A22F7-8BB3-492D-A6E1-E2539F3BDD78}.Release|Any CPU.Build.0 = Release|Any CPU
		{8FF7A344-68D2-4C92-BB19-601012839554}.Debug|Any CPU.ActiveCfg = Debug|Any CPU
		{8FF7A344-68D2-4C92-BB19-601012839554}.Debug|Any CPU.Build.0 = Debug|Any CPU
		{8FF7A344-68D2-4C92-BB19-601012839554}.Release|Any CPU.ActiveCfg = Release|Any CPU
		{8FF7A344-68D2-4C92-BB19-601012839554}.Release|Any CPU.Build.0 = Release|Any CPU
	EndGlobalSection
	GlobalSection(SolutionProperties) = preSolution
		HideSolutionNode = FALSE
	EndGlobalSection
	GlobalSection(ExtensibilityGlobals) = postSolution
		SolutionGuid = {AE99F939-B207-4CEF-B2D1-FB47628E808A}
	EndGlobalSection
EndGlobal
